
Microsoft Visual Studio Solution File, Format Version 12.00
# Visual Studio 15
VisualStudioVersion = 15.0.26730.16
MinimumVisualStudioVersion = 10.0.40219.1
Project("{8BC9CEB8-8B4A-11D0-8D11-00A0C91BC942}") = "Chimera", "Chimera\Chimera.vcxproj", "{BDB7E898-2F81-4410-90C7-0BD4D3212AF8}"
EndProject
Project("{2150E333-8FDC-42A3-9474-1A3956D46DE8}") = "Solution Items", "Solution Items", "{7EE230EC-4789-4E4C-9061-9EEB23360CCB}"
	ProjectSection(SolutionItems) = preProject
		ReadMe.md = ReadMe.md
	EndProjectSection
EndProject
Project("{8BC9CEB8-8B4A-11D0-8D11-00A0C91BC942}") = "Ethernet test", "Ethernet test\Ethernet test.vcxproj", "{FCFF45CA-BE19-4313-927B-A110BD21DD12}"
EndProject
Global
	GlobalSection(SolutionConfigurationPlatforms) = preSolution
		Debug|Win32 = Debug|Win32
		Debug|x64 = Debug|x64
		Debug|x86 = Debug|x86
		Release|Win32 = Release|Win32
		Release|x64 = Release|x64
		Release|x86 = Release|x86
	EndGlobalSection
	GlobalSection(ProjectConfigurationPlatforms) = postSolution
		{BDB7E898-2F81-4410-90C7-0BD4D3212AF8}.Debug|Win32.ActiveCfg = Debug|Win32
		{BDB7E898-2F81-4410-90C7-0BD4D3212AF8}.Debug|Win32.Build.0 = Debug|Win32
		{BDB7E898-2F81-4410-90C7-0BD4D3212AF8}.Debug|x64.ActiveCfg = Debug|x64
		{BDB7E898-2F81-4410-90C7-0BD4D3212AF8}.Debug|x64.Build.0 = Debug|x64
		{BDB7E898-2F81-4410-90C7-0BD4D3212AF8}.Debug|x86.ActiveCfg = Debug|Win32
		{BDB7E898-2F81-4410-90C7-0BD4D3212AF8}.Debug|x86.Build.0 = Debug|Win32
		{BDB7E898-2F81-4410-90C7-0BD4D3212AF8}.Release|Win32.ActiveCfg = Release|Win32
		{BDB7E898-2F81-4410-90C7-0BD4D3212AF8}.Release|Win32.Build.0 = Release|Win32
		{BDB7E898-2F81-4410-90C7-0BD4D3212AF8}.Release|x64.ActiveCfg = Release|x64
		{BDB7E898-2F81-4410-90C7-0BD4D3212AF8}.Release|x64.Build.0 = Release|x64
		{BDB7E898-2F81-4410-90C7-0BD4D3212AF8}.Release|x86.ActiveCfg = Release|Win32
		{BDB7E898-2F81-4410-90C7-0BD4D3212AF8}.Release|x86.Build.0 = Release|Win32
		{FCFF45CA-BE19-4313-927B-A110BD21DD12}.Debug|Win32.ActiveCfg = Debug|Win32
		{FCFF45CA-BE19-4313-927B-A110BD21DD12}.Debug|Win32.Build.0 = Debug|Win32
		{FCFF45CA-BE19-4313-927B-A110BD21DD12}.Debug|x64.ActiveCfg = Debug|x64
		{FCFF45CA-BE19-4313-927B-A110BD21DD12}.Debug|x86.ActiveCfg = Debug|Win32
		{FCFF45CA-BE19-4313-927B-A110BD21DD12}.Debug|x86.Build.0 = Debug|Win32
		{FCFF45CA-BE19-4313-927B-A110BD21DD12}.Release|Win32.ActiveCfg = Release|Win32
		{FCFF45CA-BE19-4313-927B-A110BD21DD12}.Release|Win32.Build.0 = Release|Win32
		{FCFF45CA-BE19-4313-927B-A110BD21DD12}.Release|x64.ActiveCfg = Release|x64
		{FCFF45CA-BE19-4313-927B-A110BD21DD12}.Release|x86.ActiveCfg = Release|Win32
		{FCFF45CA-BE19-4313-927B-A110BD21DD12}.Release|x86.Build.0 = Release|Win32
	EndGlobalSection
	GlobalSection(SolutionProperties) = preSolution
		HideSolutionNode = FALSE
	EndGlobalSection
	GlobalSection(ExtensibilityGlobals) = postSolution
		SolutionGuid = {6764A050-F670-4E11-A6EE-B2201BF9587A}
	EndGlobalSection
EndGlobal
