
Microsoft Visual Studio Solution File, Format Version 12.00
# Visual Studio 15
VisualStudioVersion = 15.0.28307.438
MinimumVisualStudioVersion = 10.0.40219.1
Project("{8BC9CEB8-8B4A-11D0-8D11-00A0C91BC942}") = "Moog_ConsoleApplication", "Moog_ConsoleApplication\Moog_ConsoleApplication.vcxproj", "{0B042AAE-132A-4CCD-8C11-C33C1B8FA0B6}"
EndProject
Global
	GlobalSection(SolutionConfigurationPlatforms) = preSolution
		Debug|x64 = Debug|x64
		Debug|x86 = Debug|x86
		Release|x64 = Release|x64
		Release|x86 = Release|x86
	EndGlobalSection
	GlobalSection(ProjectConfigurationPlatforms) = postSolution
		{0B042AAE-132A-4CCD-8C11-C33C1B8FA0B6}.Debug|x64.ActiveCfg = Debug|x64
		{0B042AAE-132A-4CCD-8C11-C33C1B8FA0B6}.Debug|x64.Build.0 = Debug|x64
		{0B042AAE-132A-4CCD-8C11-C33C1B8FA0B6}.Debug|x86.ActiveCfg = Debug|Win32
		{0B042AAE-132A-4CCD-8C11-C33C1B8FA0B6}.Debug|x86.Build.0 = Debug|Win32
		{0B042AAE-132A-4CCD-8C11-C33C1B8FA0B6}.Release|x64.ActiveCfg = Release|x64
		{0B042AAE-132A-4CCD-8C11-C33C1B8FA0B6}.Release|x64.Build.0 = Release|x64
		{0B042AAE-132A-4CCD-8C11-C33C1B8FA0B6}.Release|x86.ActiveCfg = Release|Win32
		{0B042AAE-132A-4CCD-8C11-C33C1B8FA0B6}.Release|x86.Build.0 = Release|Win32
	EndGlobalSection
	GlobalSection(SolutionProperties) = preSolution
		HideSolutionNode = FALSE
	EndGlobalSection
	GlobalSection(ExtensibilityGlobals) = postSolution
		SolutionGuid = {DEFC43CA-0F85-4794-8FFE-A4460517CEA8}
	EndGlobalSection
EndGlobal
